
Microsoft Visual Studio Solution File, Format Version 12.00
# Visual Studio Version 16
VisualStudioVersion = 16.0.29613.14
MinimumVisualStudioVersion = 10.0.40219.1
Project("{FAE04EC0-301F-11D3-BF4B-00C04F79EFBC}") = "QNgo.EK.Engine", "QNgo.EK.Engine\QNgo.EK.Engine.csproj", "{7AB4EEDD-C7D1-441A-9BAC-36BC27C502EA}"
EndProject
Project("{FAE04EC0-301F-11D3-BF4B-00C04F79EFBC}") = "QNgo.EK.Abstractions", "QNgo.EK.Abstractions\QNgo.EK.Abstractions.csproj", "{AEA97687-984B-4D8A-B797-D28A6C09E2F2}"
EndProject
Global
	GlobalSection(SolutionConfigurationPlatforms) = preSolution
		Debug|Any CPU = Debug|Any CPU
		Release|Any CPU = Release|Any CPU
	EndGlobalSection
	GlobalSection(ProjectConfigurationPlatforms) = postSolution
		{7AB4EEDD-C7D1-441A-9BAC-36BC27C502EA}.Debug|Any CPU.ActiveCfg = Debug|Any CPU
		{7AB4EEDD-C7D1-441A-9BAC-36BC27C502EA}.Debug|Any CPU.Build.0 = Debug|Any CPU
		{7AB4EEDD-C7D1-441A-9BAC-36BC27C502EA}.Release|Any CPU.ActiveCfg = Release|Any CPU
		{7AB4EEDD-C7D1-441A-9BAC-36BC27C502EA}.Release|Any CPU.Build.0 = Release|Any CPU
		{AEA97687-984B-4D8A-B797-D28A6C09E2F2}.Debug|Any CPU.ActiveCfg = Debug|Any CPU
		{AEA97687-984B-4D8A-B797-D28A6C09E2F2}.Debug|Any CPU.Build.0 = Debug|Any CPU
		{AEA97687-984B-4D8A-B797-D28A6C09E2F2}.Release|Any CPU.ActiveCfg = Release|Any CPU
		{AEA97687-984B-4D8A-B797-D28A6C09E2F2}.Release|Any CPU.Build.0 = Release|Any CPU
	EndGlobalSection
	GlobalSection(SolutionProperties) = preSolution
		HideSolutionNode = FALSE
	EndGlobalSection
	GlobalSection(ExtensibilityGlobals) = postSolution
		SolutionGuid = {BF613505-4A04-4605-ADDD-B06AC460A683}
	EndGlobalSection
EndGlobal
